
Microsoft Visual Studio Solution File, Format Version 12.00
# Visual Studio Version 16
VisualStudioVersion = 16.0.28922.388
MinimumVisualStudioVersion = 10.0.40219.1
Project("{FAE04EC0-301F-11D3-BF4B-00C04F79EFBC}") = "TiffConverter", "TiffConverter\TiffConverter.csproj", "{382D7217-BFB2-45E1-B9CD-90726B4A3F0D}"
EndProject
Global
	GlobalSection(SolutionConfigurationPlatforms) = preSolution
		Debug|Any CPU = Debug|Any CPU
		Release|Any CPU = Release|Any CPU
	EndGlobalSection
	GlobalSection(ProjectConfigurationPlatforms) = postSolution
		{382D7217-BFB2-45E1-B9CD-90726B4A3F0D}.Debug|Any CPU.ActiveCfg = Debug|Any CPU
		{382D7217-BFB2-45E1-B9CD-90726B4A3F0D}.Debug|Any CPU.Build.0 = Debug|Any CPU
		{382D7217-BFB2-45E1-B9CD-90726B4A3F0D}.Release|Any CPU.ActiveCfg = Release|Any CPU
		{382D7217-BFB2-45E1-B9CD-90726B4A3F0D}.Release|Any CPU.Build.0 = Release|Any CPU
	EndGlobalSection
	GlobalSection(SolutionProperties) = preSolution
		HideSolutionNode = FALSE
	EndGlobalSection
	GlobalSection(ExtensibilityGlobals) = postSolution
		SolutionGuid = {7B2F8CDC-B527-4036-A28E-0D834A418EF7}
	EndGlobalSection
	GlobalSection(TeamFoundationVersionControl) = preSolution
		SccNumberOfProjects = 2
		SccEnterpriseProvider = {4CA58AB2-18FA-4F8D-95D4-32DDF27D184C}
		SccTeamFoundationServer = https://tfsnovata.visualstudio.com/
		SccLocalPath0 = .
		SccProjectUniqueName1 = TiffConverter\\TiffConverter.csproj
		SccProjectName1 = TiffConverter
		SccLocalPath1 = TiffConverter
	EndGlobalSection
EndGlobal
